
Microsoft Visual Studio Solution File, Format Version 12.00
# Visual Studio Version 16
VisualStudioVersion = 16.0.32126.315
MinimumVisualStudioVersion = 10.0.40219.1
Project("{FAE04EC0-301F-11D3-BF4B-00C04F79EFBC}") = "VehicleShowroomManagementSystem", "VehicleShowroomManagementSystem\VehicleShowroomManagementSystem.csproj", "{210F0E4E-9E52-43DF-85F5-B186EAF50D09}"
EndProject
Project("{FAE04EC0-301F-11D3-BF4B-00C04F79EFBC}") = "Model", "Model\Model.csproj", "{71AA89B6-AF42-4228-B520-3031D4BECFA5}"
EndProject
Project("{FAE04EC0-301F-11D3-BF4B-00C04F79EFBC}") = "Common", "Common\Common.csproj", "{D5416A5A-CEBB-4B44-96D4-E88C3BF0D6AE}"
EndProject
Global
	GlobalSection(SolutionConfigurationPlatforms) = preSolution
		Debug|Any CPU = Debug|Any CPU
		Release|Any CPU = Release|Any CPU
	EndGlobalSection
	GlobalSection(ProjectConfigurationPlatforms) = postSolution
		{210F0E4E-9E52-43DF-85F5-B186EAF50D09}.Debug|Any CPU.ActiveCfg = Debug|Any CPU
		{210F0E4E-9E52-43DF-85F5-B186EAF50D09}.Debug|Any CPU.Build.0 = Debug|Any CPU
		{210F0E4E-9E52-43DF-85F5-B186EAF50D09}.Release|Any CPU.ActiveCfg = Release|Any CPU
		{210F0E4E-9E52-43DF-85F5-B186EAF50D09}.Release|Any CPU.Build.0 = Release|Any CPU
		{71AA89B6-AF42-4228-B520-3031D4BECFA5}.Debug|Any CPU.ActiveCfg = Debug|Any CPU
		{71AA89B6-AF42-4228-B520-3031D4BECFA5}.Debug|Any CPU.Build.0 = Debug|Any CPU
		{71AA89B6-AF42-4228-B520-3031D4BECFA5}.Release|Any CPU.ActiveCfg = Release|Any CPU
		{71AA89B6-AF42-4228-B520-3031D4BECFA5}.Release|Any CPU.Build.0 = Release|Any CPU
		{D5416A5A-CEBB-4B44-96D4-E88C3BF0D6AE}.Debug|Any CPU.ActiveCfg = Debug|Any CPU
		{D5416A5A-CEBB-4B44-96D4-E88C3BF0D6AE}.Debug|Any CPU.Build.0 = Debug|Any CPU
		{D5416A5A-CEBB-4B44-96D4-E88C3BF0D6AE}.Release|Any CPU.ActiveCfg = Release|Any CPU
		{D5416A5A-CEBB-4B44-96D4-E88C3BF0D6AE}.Release|Any CPU.Build.0 = Release|Any CPU
	EndGlobalSection
	GlobalSection(SolutionProperties) = preSolution
		HideSolutionNode = FALSE
	EndGlobalSection
	GlobalSection(ExtensibilityGlobals) = postSolution
		SolutionGuid = {944B4EC1-78B3-447C-8163-96674083D94D}
	EndGlobalSection
EndGlobal
